
Microsoft Visual Studio Solution File, Format Version 12.00
# Visual Studio Version 16
VisualStudioVersion = 16.0.31829.152
MinimumVisualStudioVersion = 10.0.40219.1
Project("{FAE04EC0-301F-11D3-BF4B-00C04F79EFBC}") = "xUnitTest", "xUnitTest.csproj", "{F95D5CBF-CA45-4457-A35A-CF149B0160FF}"
EndProject
Global
	GlobalSection(SolutionConfigurationPlatforms) = preSolution
		Debug|Any CPU = Debug|Any CPU
		Release|Any CPU = Release|Any CPU
	EndGlobalSection
	GlobalSection(ProjectConfigurationPlatforms) = postSolution
		{F95D5CBF-CA45-4457-A35A-CF149B0160FF}.Debug|Any CPU.ActiveCfg = Debug|Any CPU
		{F95D5CBF-CA45-4457-A35A-CF149B0160FF}.Debug|Any CPU.Build.0 = Debug|Any CPU
		{F95D5CBF-CA45-4457-A35A-CF149B0160FF}.Release|Any CPU.ActiveCfg = Release|Any CPU
		{F95D5CBF-CA45-4457-A35A-CF149B0160FF}.Release|Any CPU.Build.0 = Release|Any CPU
	EndGlobalSection
	GlobalSection(SolutionProperties) = preSolution
		HideSolutionNode = FALSE
	EndGlobalSection
	GlobalSection(ExtensibilityGlobals) = postSolution
		SolutionGuid = {18D92B19-45AD-4575-AF70-0A423AE5DCD3}
	EndGlobalSection
EndGlobal
